
Microsoft Visual Studio Solution File, Format Version 12.00
# Visual Studio Version 16
VisualStudioVersion = 16.0.30611.23
MinimumVisualStudioVersion = 10.0.40219.1
Project("{FAE04EC0-301F-11D3-BF4B-00C04F79EFBC}") = "Exercise 1", "Exercise 1\Exercise 1.csproj", "{6304194E-CEF3-45E0-A839-6170EBD7B136}"
EndProject
Global
	GlobalSection(SolutionConfigurationPlatforms) = preSolution
		Debug|Any CPU = Debug|Any CPU
		Release|Any CPU = Release|Any CPU
	EndGlobalSection
	GlobalSection(ProjectConfigurationPlatforms) = postSolution
		{6304194E-CEF3-45E0-A839-6170EBD7B136}.Debug|Any CPU.ActiveCfg = Debug|Any CPU
		{6304194E-CEF3-45E0-A839-6170EBD7B136}.Debug|Any CPU.Build.0 = Debug|Any CPU
		{6304194E-CEF3-45E0-A839-6170EBD7B136}.Release|Any CPU.ActiveCfg = Release|Any CPU
		{6304194E-CEF3-45E0-A839-6170EBD7B136}.Release|Any CPU.Build.0 = Release|Any CPU
	EndGlobalSection
	GlobalSection(SolutionProperties) = preSolution
		HideSolutionNode = FALSE
	EndGlobalSection
	GlobalSection(ExtensibilityGlobals) = postSolution
		SolutionGuid = {62B0EC77-F9AA-4C41-B3D5-CCD699D0FF6F}
	EndGlobalSection
EndGlobal
